// !$*UTF8*$!
{
	archiveVersion = 1;
	classes = {
	};
	objectVersion = 55;
	objects = {

/* Begin PBXBuildFile section */
		EB6EBCE7275892AB0079A5C2 /* AppDelegate.swift in Sources */ = {isa = PBXBuildFile; fileRef = EB6EBCE6275892AB0079A5C2 /* AppDelegate.swift */; };
		EB6EBCE9275892AB0079A5C2 /* SceneDelegate.swift in Sources */ = {isa = PBXBuildFile; fileRef = EB6EBCE8275892AB0079A5C2 /* SceneDelegate.swift */; };
		EB6EBCEB275892AB0079A5C2 /* ViewController.swift in Sources */ = {isa = PBXBuildFile; fileRef = EB6EBCEA275892AB0079A5C2 /* ViewController.swift */; };
		EB6EBCEE275892AB0079A5C2 /* Main.storyboard in Resources */ = {isa = PBXBuildFile; fileRef = EB6EBCEC275892AB0079A5C2 /* Main.storyboard */; };
		EB6EBCF0275892AB0079A5C2 /* Assets.xcassets in Resources */ = {isa = PBXBuildFile; fileRef = EB6EBCEF275892AB0079A5C2 /* Assets.xcassets */; };
		EB6EBCF3275892AB0079A5C2 /* LaunchScreen.storyboard in Resources */ = {isa = PBXBuildFile; fileRef = EB6EBCF1275892AB0079A5C2 /* LaunchScreen.storyboard */; };
		EB6EBD0927589A320079A5C2 /* sample_input_Register.json in Resources */ = {isa = PBXBuildFile; fileRef = EB6EBD0527589A320079A5C2 /* sample_input_Register.json */; };
		EB6EBD0A27589A320079A5C2 /* sample_input_Vote.json in Resources */ = {isa = PBXBuildFile; fileRef = EB6EBD0627589A320079A5C2 /* sample_input_Vote.json */; };
		EB6EBD0B27589A320079A5C2 /* sample_input_Tally.json in Resources */ = {isa = PBXBuildFile; fileRef = EB6EBD0727589A320079A5C2 /* sample_input_Tally.json */; };
		EB6EBD0C27589A320079A5C2 /* sample_input_ZKlay.json in Resources */ = {isa = PBXBuildFile; fileRef = EB6EBD0827589A320079A5C2 /* sample_input_ZKlay.json */; };
		EB6EBD1127589A890079A5C2 /* zkSnark in Frameworks */ = {isa = PBXBuildFile; productRef = EB6EBD1027589A890079A5C2 /* zkSnark */; };
/* End PBXBuildFile section */

/* Begin PBXFileReference section */
		EB6EBCE3275892AB0079A5C2 /* zkSnarkTest.app */ = {isa = PBXFileReference; explicitFileType = wrapper.application; includeInIndex = 0; path = zkSnarkTest.app; sourceTree = BUILT_PRODUCTS_DIR; };
		EB6EBCE6275892AB0079A5C2 /* AppDelegate.swift */ = {isa = PBXFileReference; lastKnownFileType = sourcecode.swift; path = AppDelegate.swift; sourceTree = "<group>"; };
		EB6EBCE8275892AB0079A5C2 /* SceneDelegate.swift */ = {isa = PBXFileReference; lastKnownFileType = sourcecode.swift; path = SceneDelegate.swift; sourceTree = "<group>"; };
		EB6EBCEA275892AB0079A5C2 /* ViewController.swift */ = {isa = PBXFileReference; lastKnownFileType = sourcecode.swift; path = ViewController.swift; sourceTree = "<group>"; };
		EB6EBCED275892AB0079A5C2 /* Base */ = {isa = PBXFileReference; lastKnownFileType = file.storyboard; name = Base; path = Base.lproj/Main.storyboard; sourceTree = "<group>"; };
		EB6EBCEF275892AB0079A5C2 /* Assets.xcassets */ = {isa = PBXFileReference; lastKnownFileType = folder.assetcatalog; path = Assets.xcassets; sourceTree = "<group>"; };
		EB6EBCF2275892AB0079A5C2 /* Base */ = {isa = PBXFileReference; lastKnownFileType = file.storyboard; name = Base; path = Base.lproj/LaunchScreen.storyboard; sourceTree = "<group>"; };
		EB6EBCF4275892AB0079A5C2 /* Info.plist */ = {isa = PBXFileReference; lastKnownFileType = text.plist.xml; path = Info.plist; sourceTree = "<group>"; };
		EB6EBD0527589A320079A5C2 /* sample_input_Register.json */ = {isa = PBXFileReference; fileEncoding = 4; lastKnownFileType = text.json; path = sample_input_Register.json; sourceTree = SOURCE_ROOT; };
		EB6EBD0627589A320079A5C2 /* sample_input_Vote.json */ = {isa = PBXFileReference; fileEncoding = 4; lastKnownFileType = text.json; path = sample_input_Vote.json; sourceTree = SOURCE_ROOT; };
		EB6EBD0727589A320079A5C2 /* sample_input_Tally.json */ = {isa = PBXFileReference; fileEncoding = 4; lastKnownFileType = text.json; path = sample_input_Tally.json; sourceTree = SOURCE_ROOT; };
		EB6EBD0827589A320079A5C2 /* sample_input_ZKlay.json */ = {isa = PBXFileReference; fileEncoding = 4; lastKnownFileType = text.json; path = sample_input_ZKlay.json; sourceTree = SOURCE_ROOT; };
		EB6EBD0E27589A670079A5C2 /* libsnark_wrapper */ = {isa = PBXFileReference; lastKnownFileType = folder; path = libsnark_wrapper; sourceTree = "<group>"; };
/* End PBXFileReference section */

/* Begin PBXFrameworksBuildPhase section */
		EB6EBCE0275892AB0079A5C2 /* Frameworks */ = {
			isa = PBXFrameworksBuildPhase;
			buildActionMask = 2147483647;
			files = (
				EB6EBD1127589A890079A5C2 /* zkSnark in Frameworks */,
			);
			runOnlyForDeploymentPostprocessing = 0;
		};
/* End PBXFrameworksBuildPhase section */

/* Begin PBXGroup section */
		EB6EBCDA275892AB0079A5C2 = {
			isa = PBXGroup;
			children = (
				EB6EBD0D27589A670079A5C2 /* Packages */,
				EB6EBCE5275892AB0079A5C2 /* zkSnarkTest */,
				EB6EBCE4275892AB0079A5C2 /* Products */,
				EB6EBD0F27589A890079A5C2 /* Frameworks */,
			);
			sourceTree = "<group>";
		};
		EB6EBCE4275892AB0079A5C2 /* Products */ = {
			isa = PBXGroup;
			children = (
				EB6EBCE3275892AB0079A5C2 /* zkSnarkTest.app */,
			);
			name = Products;
			sourceTree = "<group>";
		};
		EB6EBCE5275892AB0079A5C2 /* zkSnarkTest */ = {
			isa = PBXGroup;
			children = (
				EB6EBD0527589A320079A5C2 /* sample_input_Register.json */,
				EB6EBD0727589A320079A5C2 /* sample_input_Tally.json */,
				EB6EBD0627589A320079A5C2 /* sample_input_Vote.json */,
				EB6EBD0827589A320079A5C2 /* sample_input_ZKlay.json */,
				EB6EBCE6275892AB0079A5C2 /* AppDelegate.swift */,
				EB6EBCE8275892AB0079A5C2 /* SceneDelegate.swift */,
				EB6EBCEA275892AB0079A5C2 /* ViewController.swift */,
				EB6EBCEC275892AB0079A5C2 /* Main.storyboard */,
				EB6EBCEF275892AB0079A5C2 /* Assets.xcassets */,
				EB6EBCF1275892AB0079A5C2 /* LaunchScreen.storyboard */,
				EB6EBCF4275892AB0079A5C2 /* Info.plist */,
			);
			path = zkSnarkTest;
			sourceTree = "<group>";
		};
		EB6EBD0D27589A670079A5C2 /* Packages */ = {
			isa = PBXGroup;
			children = (
				EB6EBD0E27589A670079A5C2 /* libsnark_wrapper */,
			);
			name = Packages;
			sourceTree = "<group>";
		};
		EB6EBD0F27589A890079A5C2 /* Frameworks */ = {
			isa = PBXGroup;
			children = (
			);
			name = Frameworks;
			sourceTree = "<group>";
		};
/* End PBXGroup section */

/* Begin PBXNativeTarget section */
		EB6EBCE2275892AB0079A5C2 /* zkSnarkTest */ = {
			isa = PBXNativeTarget;
			buildConfigurationList = EB6EBCF7275892AB0079A5C2 /* Build configuration list for PBXNativeTarget "zkSnarkTest" */;
			buildPhases = (
				EB6EBCDF275892AB0079A5C2 /* Sources */,
				EB6EBCE0275892AB0079A5C2 /* Frameworks */,
				EB6EBCE1275892AB0079A5C2 /* Resources */,
			);
			buildRules = (
			);
			dependencies = (
			);
			name = zkSnarkTest;
			packageProductDependencies = (
				EB6EBD1027589A890079A5C2 /* zkSnark */,
			);
			productName = zkSnarkTest;
			productReference = EB6EBCE3275892AB0079A5C2 /* zkSnarkTest.app */;
			productType = "com.apple.product-type.application";
		};
/* End PBXNativeTarget section */

/* Begin PBXProject section */
		EB6EBCDB275892AB0079A5C2 /* Project object */ = {
			isa = PBXProject;
			attributes = {
				BuildIndependentTargetsInParallel = 1;
				LastSwiftUpdateCheck = 1310;
				LastUpgradeCheck = 1310;
				TargetAttributes = {
					EB6EBCE2275892AB0079A5C2 = {
						CreatedOnToolsVersion = 13.1;
					};
				};
			};
			buildConfigurationList = EB6EBCDE275892AB0079A5C2 /* Build configuration list for PBXProject "zkSnarkTest" */;
			compatibilityVersion = "Xcode 13.0";
			developmentRegion = en;
			hasScannedForEncodings = 0;
			knownRegions = (
				en,
				Base,
			);
			mainGroup = EB6EBCDA275892AB0079A5C2;
			productRefGroup = EB6EBCE4275892AB0079A5C2 /* Products */;
			projectDirPath = "";
			projectRoot = "";
			targets = (
				EB6EBCE2275892AB0079A5C2 /* zkSnarkTest */,
			);
		};
/* End PBXProject section */

/* Begin PBXResourcesBuildPhase section */
		EB6EBCE1275892AB0079A5C2 /* Resources */ = {
			isa = PBXResourcesBuildPhase;
			buildActionMask = 2147483647;
			files = (
				EB6EBCF3275892AB0079A5C2 /* LaunchScreen.storyboard in Resources */,
				EB6EBCF0275892AB0079A5C2 /* Assets.xcassets in Resources */,
				EB6EBCEE275892AB0079A5C2 /* Main.storyboard in Resources */,
				EB6EBD0B27589A320079A5C2 /* sample_input_Tally.json in Resources */,
				EB6EBD0927589A320079A5C2 /* sample_input_Register.json in Resources */,
				EB6EBD0A27589A320079A5C2 /* sample_input_Vote.json in Resources */,
				EB6EBD0C27589A320079A5C2 /* sample_input_ZKlay.json in Resources */,
			);
			runOnlyForDeploymentPostprocessing = 0;
		};
/* End PBXResourcesBuildPhase section */

/* Begin PBXSourcesBuildPhase section */
		EB6EBCDF275892AB0079A5C2 /* Sources */ = {
			isa = PBXSourcesBuildPhase;
			buildActionMask = 2147483647;
			files = (
				EB6EBCEB275892AB0079A5C2 /* ViewController.swift in Sources */,
				EB6EBCE7275892AB0079A5C2 /* AppDelegate.swift in Sources */,
				EB6EBCE9275892AB0079A5C2 /* SceneDelegate.swift in Sources */,
			);
			runOnlyForDeploymentPostprocessing = 0;
		};
/* End PBXSourcesBuildPhase section */

/* Begin PBXVariantGroup section */
		EB6EBCEC275892AB0079A5C2 /* Main.storyboard */ = {
			isa = PBXVariantGroup;
			children = (
				EB6EBCED275892AB0079A5C2 /* Base */,
			);
			name = Main.storyboard;
			sourceTree = "<group>";
		};
		EB6EBCF1275892AB0079A5C2 /* LaunchScreen.storyboard */ = {
			isa = PBXVariantGroup;
			children = (
				EB6EBCF2275892AB0079A5C2 /* Base */,
			);
			name = LaunchScreen.storyboard;
			sourceTree = "<group>";
		};
/* End PBXVariantGroup section */

/* Begin XCBuildConfiguration section */
		EB6EBCF5275892AB0079A5C2 /* Debug */ = {
			isa = XCBuildConfiguration;
			buildSettings = {
				ALLOW_TARGET_PLATFORM_SPECIALIZATION = YES;
				ALWAYS_SEARCH_USER_PATHS = NO;
				CLANG_ANALYZER_NONNULL = YES;
				CLANG_ANALYZER_NUMBER_OBJECT_CONVERSION = YES_AGGRESSIVE;
				CLANG_CXX_LANGUAGE_STANDARD = "gnu++17";
				CLANG_CXX_LIBRARY = "libc++";
				CLANG_ENABLE_MODULES = YES;
				CLANG_ENABLE_OBJC_ARC = YES;
				CLANG_ENABLE_OBJC_WEAK = YES;
				CLANG_WARN_BLOCK_CAPTURE_AUTORELEASING = YES;
				CLANG_WARN_BOOL_CONVERSION = YES;
				CLANG_WARN_COMMA = YES;
				CLANG_WARN_CONSTANT_CONVERSION = YES;
				CLANG_WARN_DEPRECATED_OBJC_IMPLEMENTATIONS = YES;
				CLANG_WARN_DIRECT_OBJC_ISA_USAGE = YES_ERROR;
				CLANG_WARN_DOCUMENTATION_COMMENTS = YES;
				CLANG_WARN_EMPTY_BODY = YES;
				CLANG_WARN_ENUM_CONVERSION = YES;
				CLANG_WARN_INFINITE_RECURSION = YES;
				CLANG_WARN_INT_CONVERSION = YES;
				CLANG_WARN_NON_LITERAL_NULL_CONVERSION = YES;
				CLANG_WARN_OBJC_IMPLICIT_RETAIN_SELF = YES;
				CLANG_WARN_OBJC_LITERAL_CONVERSION = YES;
				CLANG_WARN_OBJC_ROOT_CLASS = YES_ERROR;
				CLANG_WARN_QUOTED_INCLUDE_IN_FRAMEWORK_HEADER = YES;
				CLANG_WARN_RANGE_LOOP_ANALYSIS = YES;
				CLANG_WARN_STRICT_PROTOTYPES = YES;
				CLANG_WARN_SUSPICIOUS_MOVE = YES;
				CLANG_WARN_UNGUARDED_AVAILABILITY = YES_AGGRESSIVE;
				CLANG_WARN_UNREACHABLE_CODE = YES;
				CLANG_WARN__DUPLICATE_METHOD_MATCH = YES;
				COPY_PHASE_STRIP = NO;
				DEBUG_INFORMATION_FORMAT = dwarf;
				ENABLE_STRICT_OBJC_MSGSEND = YES;
				ENABLE_TESTABILITY = YES;
				GCC_C_LANGUAGE_STANDARD = gnu11;
				GCC_DYNAMIC_NO_PIC = NO;
				GCC_NO_COMMON_BLOCKS = YES;
				GCC_OPTIMIZATION_LEVEL = 0;
				GCC_PREPROCESSOR_DEFINITIONS = (
					"DEBUG=1",
					"$(inherited)",
				);
				GCC_WARN_64_TO_32_BIT_CONVERSION = YES;
				GCC_WARN_ABOUT_RETURN_TYPE = YES_ERROR;
				GCC_WARN_UNDECLARED_SELECTOR = YES;
				GCC_WARN_UNINITIALIZED_AUTOS = YES_AGGRESSIVE;
				GCC_WARN_UNUSED_FUNCTION = YES;
				GCC_WARN_UNUSED_VARIABLE = YES;
				IPHONEOS_DEPLOYMENT_TARGET = 15.0;
				MTL_ENABLE_DEBUG_INFO = INCLUDE_SOURCE;
				MTL_FAST_MATH = YES;
				ONLY_ACTIVE_ARCH = NO;
				SDKROOT = iphoneos;
				SWIFT_ACTIVE_COMPILATION_CONDITIONS = DEBUG;
				SWIFT_OPTIMIZATION_LEVEL = "-Onone";
			};
			name = Debug;
		};
		EB6EBCF6275892AB0079A5C2 /* Release */ = {
			isa = XCBuildConfiguration;
			buildSettings = {
				ALLOW_TARGET_PLATFORM_SPECIALIZATION = YES;
				ALWAYS_SEARCH_USER_PATHS = NO;
				CLANG_ANALYZER_NONNULL = YES;
				CLANG_ANALYZER_NUMBER_OBJECT_CONVERSION = YES_AGGRESSIVE;
				CLANG_CXX_LANGUAGE_STANDARD = "gnu++17";
				CLANG_CXX_LIBRARY = "libc++";
				CLANG_ENABLE_MODULES = YES;
				CLANG_ENABLE_OBJC_ARC = YES;
				CLANG_ENABLE_OBJC_WEAK = YES;
				CLANG_WARN_BLOCK_CAPTURE_AUTORELEASING = YES;
				CLANG_WARN_BOOL_CONVERSION = YES;
				CLANG_WARN_COMMA = YES;
				CLANG_WARN_CONSTANT_CONVERSION = YES;
				CLANG_WARN_DEPRECATED_OBJC_IMPLEMENTATIONS = YES;
				CLANG_WARN_DIRECT_OBJC_ISA_USAGE = YES_ERROR;
				CLANG_WARN_DOCUMENTATION_COMMENTS = YES;
				CLANG_WARN_EMPTY_BODY = YES;
				CLANG_WARN_ENUM_CONVERSION = YES;
				CLANG_WARN_INFINITE_RECURSION = YES;
				CLANG_WARN_INT_CONVERSION = YES;
				CLANG_WARN_NON_LITERAL_NULL_CONVERSION = YES;
				CLANG_WARN_OBJC_IMPLICIT_RETAIN_SELF = YES;
				CLANG_WARN_OBJC_LITERAL_CONVERSION = YES;
				CLANG_WARN_OBJC_ROOT_CLASS = YES_ERROR;
				CLANG_WARN_QUOTED_INCLUDE_IN_FRAMEWORK_HEADER = YES;
				CLANG_WARN_RANGE_LOOP_ANALYSIS = YES;
				CLANG_WARN_STRICT_PROTOTYPES = YES;
				CLANG_WARN_SUSPICIOUS_MOVE = YES;
				CLANG_WARN_UNGUARDED_AVAILABILITY = YES_AGGRESSIVE;
				CLANG_WARN_UNREACHABLE_CODE = YES;
				CLANG_WARN__DUPLICATE_METHOD_MATCH = YES;
				COPY_PHASE_STRIP = NO;
				DEBUG_INFORMATION_FORMAT = "dwarf-with-dsym";
				ENABLE_NS_ASSERTIONS = NO;
				ENABLE_STRICT_OBJC_MSGSEND = YES;
				GCC_C_LANGUAGE_STANDARD = gnu11;
				GCC_NO_COMMON_BLOCKS = YES;
				GCC_WARN_64_TO_32_BIT_CONVERSION = YES;
				GCC_WARN_ABOUT_RETURN_TYPE = YES_ERROR;
				GCC_WARN_UNDECLARED_SELECTOR = YES;
				GCC_WARN_UNINITIALIZED_AUTOS = YES_AGGRESSIVE;
				GCC_WARN_UNUSED_FUNCTION = YES;
				GCC_WARN_UNUSED_VARIABLE = YES;
				IPHONEOS_DEPLOYMENT_TARGET = 15.0;
				MTL_ENABLE_DEBUG_INFO = NO;
				MTL_FAST_MATH = YES;
				ONLY_ACTIVE_ARCH = NO;
				SDKROOT = iphoneos;
				SWIFT_COMPILATION_MODE = wholemodule;
				SWIFT_OPTIMIZATION_LEVEL = "-O";
				VALIDATE_PRODUCT = YES;
			};
			name = Release;
		};
		EB6EBCF8275892AB0079A5C2 /* Debug */ = {
			isa = XCBuildConfiguration;
			buildSettings = {
				ASSETCATALOG_COMPILER_APPICON_NAME = AppIcon;
				ASSETCATALOG_COMPILER_GLOBAL_ACCENT_COLOR_NAME = AccentColor;
				CODE_SIGN_STYLE = Automatic;
				CURRENT_PROJECT_VERSION = 1;
				DEVELOPMENT_TEAM = 2PR5PHFMYJ;
				GENERATE_INFOPLIST_FILE = YES;
				INFOPLIST_FILE = zkSnarkTest/Info.plist;
				INFOPLIST_KEY_UIApplicationSupportsIndirectInputEvents = YES;
				INFOPLIST_KEY_UILaunchStoryboardName = LaunchScreen;
				INFOPLIST_KEY_UIMainStoryboardFile = Main;
				INFOPLIST_KEY_UISupportedInterfaceOrientations_iPad = "UIInterfaceOrientationPortrait UIInterfaceOrientationPortraitUpsideDown UIInterfaceOrientationLandscapeLeft UIInterfaceOrientationLandscapeRight";
				INFOPLIST_KEY_UISupportedInterfaceOrientations_iPhone = "UIInterfaceOrientationPortrait UIInterfaceOrientationLandscapeLeft UIInterfaceOrientationLandscapeRight";
				LD_RUNPATH_SEARCH_PATHS = (
					"$(inherited)",
					"@executable_path/Frameworks",
				);
				"LIBRARY_SEARCH_PATHS[sdk=iphoneos*]" = (
					"$(PROJECT_DIR)/libraries",
					"$(PROJECT_DIR)/../libsnark-optimization/lib/ios_debug/lib/",
				);
				MARKETING_VERSION = 1.0;
				PRODUCT_BUNDLE_IDENTIFIER = zkrypto.zkSnarkTest;
				PRODUCT_NAME = "$(TARGET_NAME)";
				SWIFT_EMIT_LOC_STRINGS = YES;
				SWIFT_VERSION = 5.0;
				TARGETED_DEVICE_FAMILY = "1,2";
			};
			name = Debug;
		};
		EB6EBCF9275892AB0079A5C2 /* Release */ = {
			isa = XCBuildConfiguration;
			buildSettings = {
				ASSETCATALOG_COMPILER_APPICON_NAME = AppIcon;
				ASSETCATALOG_COMPILER_GLOBAL_ACCENT_COLOR_NAME = AccentColor;
				CODE_SIGN_STYLE = Automatic;
				CURRENT_PROJECT_VERSION = 1;
				DEVELOPMENT_TEAM = 2PR5PHFMYJ;
				GENERATE_INFOPLIST_FILE = YES;
				INFOPLIST_FILE = zkSnarkTest/Info.plist;
				INFOPLIST_KEY_UIApplicationSupportsIndirectInputEvents = YES;
				INFOPLIST_KEY_UILaunchStoryboardName = LaunchScreen;
				INFOPLIST_KEY_UIMainStoryboardFile = Main;
				INFOPLIST_KEY_UISupportedInterfaceOrientations_iPad = "UIInterfaceOrientationPortrait UIInterfaceOrientationPortraitUpsideDown UIInterfaceOrientationLandscapeLeft UIInterfaceOrientationLandscapeRight";
				INFOPLIST_KEY_UISupportedInterfaceOrientations_iPhone = "UIInterfaceOrientationPortrait UIInterfaceOrientationLandscapeLeft UIInterfaceOrientationLandscapeRight";
				LD_RUNPATH_SEARCH_PATHS = (
					"$(inherited)",
					"@executable_path/Frameworks",
				);
				"LIBRARY_SEARCH_PATHS[sdk=iphoneos*]" = (
					"$(PROJECT_DIR)/libraries",
					"$(PROJECT_DIR)/../libsnark-optimization/lib/ios_release/lib/",
				);
				MARKETING_VERSION = 1.0;
				PRODUCT_BUNDLE_IDENTIFIER = zkrypto.zkSnarkTest;
				PRODUCT_NAME = "$(TARGET_NAME)";
				SWIFT_EMIT_LOC_STRINGS = YES;
				SWIFT_VERSION = 5.0;
				TARGETED_DEVICE_FAMILY = "1,2";
			};
			name = Release;
		};
/* End XCBuildConfiguration section */

/* Begin XCConfigurationList section */
		EB6EBCDE275892AB0079A5C2 /* Build configuration list for PBXProject "zkSnarkTest" */ = {
			isa = XCConfigurationList;
			buildConfigurations = (
				EB6EBCF5275892AB0079A5C2 /* Debug */,
				EB6EBCF6275892AB0079A5C2 /* Release */,
			);
			defaultConfigurationIsVisible = 0;
			defaultConfigurationName = Release;
		};
		EB6EBCF7275892AB0079A5C2 /* Build configuration list for PBXNativeTarget "zkSnarkTest" */ = {
			isa = XCConfigurationList;
			buildConfigurations = (
				EB6EBCF8275892AB0079A5C2 /* Debug */,
				EB6EBCF9275892AB0079A5C2 /* Release */,
			);
			defaultConfigurationIsVisible = 0;
			defaultConfigurationName = Release;
		};
/* End XCConfigurationList section */

/* Begin XCSwiftPackageProductDependency section */
		EB6EBD1027589A890079A5C2 /* zkSnark */ = {
			isa = XCSwiftPackageProductDependency;
			productName = zkSnark;
		};
/* End XCSwiftPackageProductDependency section */
	};
	rootObject = EB6EBCDB275892AB0079A5C2 /* Project object */;
}
