// !$*UTF8*$!
{
	archiveVersion = 1;
	classes = {
	};
	objectVersion = 56;
	objects = {

/* Begin PBXBuildFile section */
		A6007504299DFA9500ABE924 /* AppDelegate.swift in Sources */ = {isa = PBXBuildFile; fileRef = A6007503299DFA9500ABE924 /* AppDelegate.swift */; };
		A6007506299DFA9500ABE924 /* SceneDelegate.swift in Sources */ = {isa = PBXBuildFile; fileRef = A6007505299DFA9500ABE924 /* SceneDelegate.swift */; };
		A6007508299DFA9500ABE924 /* ViewController.swift in Sources */ = {isa = PBXBuildFile; fileRef = A6007507299DFA9500ABE924 /* ViewController.swift */; };
		A600750B299DFA9500ABE924 /* Main.storyboard in Resources */ = {isa = PBXBuildFile; fileRef = A6007509299DFA9500ABE924 /* Main.storyboard */; };
		A600750D299DFA9600ABE924 /* Assets.xcassets in Resources */ = {isa = PBXBuildFile; fileRef = A600750C299DFA9600ABE924 /* Assets.xcassets */; };
		A6007510299DFA9600ABE924 /* LaunchScreen.storyboard in Resources */ = {isa = PBXBuildFile; fileRef = A600750E299DFA9600ABE924 /* LaunchScreen.storyboard */; };
		A600751B299DFA9600ABE924 /* test_appTests.swift in Sources */ = {isa = PBXBuildFile; fileRef = A600751A299DFA9600ABE924 /* test_appTests.swift */; };
		A6007525299DFA9600ABE924 /* test_appUITests.swift in Sources */ = {isa = PBXBuildFile; fileRef = A6007524299DFA9600ABE924 /* test_appUITests.swift */; };
		A6007527299DFA9600ABE924 /* test_appUITestsLaunchTests.swift in Sources */ = {isa = PBXBuildFile; fileRef = A6007526299DFA9600ABE924 /* test_appUITestsLaunchTests.swift */; };
		A6F52966299E0CFD00D347FF /* libios.a in Frameworks */ = {isa = PBXBuildFile; fileRef = A6F52965299E0CFC00D347FF /* libios.a */; };
/* End PBXBuildFile section */

/* Begin PBXContainerItemProxy section */
		A6007517299DFA9600ABE924 /* PBXContainerItemProxy */ = {
			isa = PBXContainerItemProxy;
			containerPortal = A60074F8299DFA9500ABE924 /* Project object */;
			proxyType = 1;
			remoteGlobalIDString = A60074FF299DFA9500ABE924;
			remoteInfo = "test-app";
		};
		A6007521299DFA9600ABE924 /* PBXContainerItemProxy */ = {
			isa = PBXContainerItemProxy;
			containerPortal = A60074F8299DFA9500ABE924 /* Project object */;
			proxyType = 1;
			remoteGlobalIDString = A60074FF299DFA9500ABE924;
			remoteInfo = "test-app";
		};
/* End PBXContainerItemProxy section */

/* Begin PBXFileReference section */
		A6007500299DFA9500ABE924 /* test-app.app */ = {isa = PBXFileReference; explicitFileType = wrapper.application; includeInIndex = 0; path = "test-app.app"; sourceTree = BUILT_PRODUCTS_DIR; };
		A6007503299DFA9500ABE924 /* AppDelegate.swift */ = {isa = PBXFileReference; lastKnownFileType = sourcecode.swift; path = AppDelegate.swift; sourceTree = "<group>"; };
		A6007505299DFA9500ABE924 /* SceneDelegate.swift */ = {isa = PBXFileReference; lastKnownFileType = sourcecode.swift; path = SceneDelegate.swift; sourceTree = "<group>"; };
		A6007507299DFA9500ABE924 /* ViewController.swift */ = {isa = PBXFileReference; lastKnownFileType = sourcecode.swift; path = ViewController.swift; sourceTree = "<group>"; };
		A600750A299DFA9500ABE924 /* Base */ = {isa = PBXFileReference; lastKnownFileType = file.storyboard; name = Base; path = Base.lproj/Main.storyboard; sourceTree = "<group>"; };
		A600750C299DFA9600ABE924 /* Assets.xcassets */ = {isa = PBXFileReference; lastKnownFileType = folder.assetcatalog; path = Assets.xcassets; sourceTree = "<group>"; };
		A600750F299DFA9600ABE924 /* Base */ = {isa = PBXFileReference; lastKnownFileType = file.storyboard; name = Base; path = Base.lproj/LaunchScreen.storyboard; sourceTree = "<group>"; };
		A6007511299DFA9600ABE924 /* Info.plist */ = {isa = PBXFileReference; lastKnownFileType = text.plist.xml; path = Info.plist; sourceTree = "<group>"; };
		A6007516299DFA9600ABE924 /* test-appTests.xctest */ = {isa = PBXFileReference; explicitFileType = wrapper.cfbundle; includeInIndex = 0; path = "test-appTests.xctest"; sourceTree = BUILT_PRODUCTS_DIR; };
		A600751A299DFA9600ABE924 /* test_appTests.swift */ = {isa = PBXFileReference; lastKnownFileType = sourcecode.swift; path = test_appTests.swift; sourceTree = "<group>"; };
		A6007520299DFA9600ABE924 /* test-appUITests.xctest */ = {isa = PBXFileReference; explicitFileType = wrapper.cfbundle; includeInIndex = 0; path = "test-appUITests.xctest"; sourceTree = BUILT_PRODUCTS_DIR; };
		A6007524299DFA9600ABE924 /* test_appUITests.swift */ = {isa = PBXFileReference; lastKnownFileType = sourcecode.swift; path = test_appUITests.swift; sourceTree = "<group>"; };
		A6007526299DFA9600ABE924 /* test_appUITestsLaunchTests.swift */ = {isa = PBXFileReference; lastKnownFileType = sourcecode.swift; path = test_appUITestsLaunchTests.swift; sourceTree = "<group>"; };
		A6007534299DFB5000ABE924 /* test-app-Bridging-Header.h */ = {isa = PBXFileReference; lastKnownFileType = sourcecode.c.h; path = "test-app-Bridging-Header.h"; sourceTree = "<group>"; };
		A6F52964299E0CEF00D347FF /* proofs.h */ = {isa = PBXFileReference; fileEncoding = 4; lastKnownFileType = sourcecode.c.h; name = proofs.h; path = "../../bellman-extended/source/ios/target/proofs.h"; sourceTree = "<group>"; };
		A6F52965299E0CFC00D347FF /* libios.a */ = {isa = PBXFileReference; lastKnownFileType = archive.ar; name = libios.a; path = "../../bellman-extended/target/libios.a"; sourceTree = "<group>"; };
/* End PBXFileReference section */

/* Begin PBXFrameworksBuildPhase section */
		A60074FD299DFA9500ABE924 /* Frameworks */ = {
			isa = PBXFrameworksBuildPhase;
			buildActionMask = 2147483647;
			files = (
				A6F52966299E0CFD00D347FF /* libios.a in Frameworks */,
			);
			runOnlyForDeploymentPostprocessing = 0;
		};
		A6007513299DFA9600ABE924 /* Frameworks */ = {
			isa = PBXFrameworksBuildPhase;
			buildActionMask = 2147483647;
			files = (
			);
			runOnlyForDeploymentPostprocessing = 0;
		};
		A600751D299DFA9600ABE924 /* Frameworks */ = {
			isa = PBXFrameworksBuildPhase;
			buildActionMask = 2147483647;
			files = (
			);
			runOnlyForDeploymentPostprocessing = 0;
		};
/* End PBXFrameworksBuildPhase section */

/* Begin PBXGroup section */
		A60074F7299DFA9500ABE924 = {
			isa = PBXGroup;
			children = (
				A6007533299DFB1100ABE924 /* proofs */,
				A6007502299DFA9500ABE924 /* test-app */,
				A6007519299DFA9600ABE924 /* test-appTests */,
				A6007523299DFA9600ABE924 /* test-appUITests */,
				A6007501299DFA9500ABE924 /* Products */,
			);
			sourceTree = "<group>";
		};
		A6007501299DFA9500ABE924 /* Products */ = {
			isa = PBXGroup;
			children = (
				A6007500299DFA9500ABE924 /* test-app.app */,
				A6007516299DFA9600ABE924 /* test-appTests.xctest */,
				A6007520299DFA9600ABE924 /* test-appUITests.xctest */,
			);
			name = Products;
			sourceTree = "<group>";
		};
		A6007502299DFA9500ABE924 /* test-app */ = {
			isa = PBXGroup;
			children = (
				A6007503299DFA9500ABE924 /* AppDelegate.swift */,
				A6007505299DFA9500ABE924 /* SceneDelegate.swift */,
				A6007507299DFA9500ABE924 /* ViewController.swift */,
				A6007509299DFA9500ABE924 /* Main.storyboard */,
				A600750C299DFA9600ABE924 /* Assets.xcassets */,
				A600750E299DFA9600ABE924 /* LaunchScreen.storyboard */,
				A6007511299DFA9600ABE924 /* Info.plist */,
			);
			path = "test-app";
			sourceTree = "<group>";
		};
		A6007519299DFA9600ABE924 /* test-appTests */ = {
			isa = PBXGroup;
			children = (
				A600751A299DFA9600ABE924 /* test_appTests.swift */,
			);
			path = "test-appTests";
			sourceTree = "<group>";
		};
		A6007523299DFA9600ABE924 /* test-appUITests */ = {
			isa = PBXGroup;
			children = (
				A6007524299DFA9600ABE924 /* test_appUITests.swift */,
				A6007526299DFA9600ABE924 /* test_appUITestsLaunchTests.swift */,
			);
			path = "test-appUITests";
			sourceTree = "<group>";
		};
		A6007533299DFB1100ABE924 /* proofs */ = {
			isa = PBXGroup;
			children = (
				A6F52964299E0CEF00D347FF /* proofs.h */,
				A6F52965299E0CFC00D347FF /* libios.a */,
				A6007534299DFB5000ABE924 /* test-app-Bridging-Header.h */,
			);
			path = proofs;
			sourceTree = "<group>";
		};
/* End PBXGroup section */

/* Begin PBXNativeTarget section */
		A60074FF299DFA9500ABE924 /* test-app */ = {
			isa = PBXNativeTarget;
			buildConfigurationList = A600752A299DFA9600ABE924 /* Build configuration list for PBXNativeTarget "test-app" */;
			buildPhases = (
				A6F52963299E074E00D347FF /* ShellScript */,
				A60074FC299DFA9500ABE924 /* Sources */,
				A60074FD299DFA9500ABE924 /* Frameworks */,
				A60074FE299DFA9500ABE924 /* Resources */,
			);
			buildRules = (
			);
			dependencies = (
			);
			name = "test-app";
			productName = "test-app";
			productReference = A6007500299DFA9500ABE924 /* test-app.app */;
			productType = "com.apple.product-type.application";
		};
		A6007515299DFA9600ABE924 /* test-appTests */ = {
			isa = PBXNativeTarget;
			buildConfigurationList = A600752D299DFA9600ABE924 /* Build configuration list for PBXNativeTarget "test-appTests" */;
			buildPhases = (
				A6007512299DFA9600ABE924 /* Sources */,
				A6007513299DFA9600ABE924 /* Frameworks */,
				A6007514299DFA9600ABE924 /* Resources */,
			);
			buildRules = (
			);
			dependencies = (
				A6007518299DFA9600ABE924 /* PBXTargetDependency */,
			);
			name = "test-appTests";
			productName = "test-appTests";
			productReference = A6007516299DFA9600ABE924 /* test-appTests.xctest */;
			productType = "com.apple.product-type.bundle.unit-test";
		};
		A600751F299DFA9600ABE924 /* test-appUITests */ = {
			isa = PBXNativeTarget;
			buildConfigurationList = A6007530299DFA9600ABE924 /* Build configuration list for PBXNativeTarget "test-appUITests" */;
			buildPhases = (
				A600751C299DFA9600ABE924 /* Sources */,
				A600751D299DFA9600ABE924 /* Frameworks */,
				A600751E299DFA9600ABE924 /* Resources */,
			);
			buildRules = (
			);
			dependencies = (
				A6007522299DFA9600ABE924 /* PBXTargetDependency */,
			);
			name = "test-appUITests";
			productName = "test-appUITests";
			productReference = A6007520299DFA9600ABE924 /* test-appUITests.xctest */;
			productType = "com.apple.product-type.bundle.ui-testing";
		};
/* End PBXNativeTarget section */

/* Begin PBXProject section */
		A60074F8299DFA9500ABE924 /* Project object */ = {
			isa = PBXProject;
			attributes = {
				BuildIndependentTargetsInParallel = 1;
				LastSwiftUpdateCheck = 1420;
				LastUpgradeCheck = 1420;
				TargetAttributes = {
					A60074FF299DFA9500ABE924 = {
						CreatedOnToolsVersion = 14.2;
						LastSwiftMigration = 1420;
					};
					A6007515299DFA9600ABE924 = {
						CreatedOnToolsVersion = 14.2;
						TestTargetID = A60074FF299DFA9500ABE924;
					};
					A600751F299DFA9600ABE924 = {
						CreatedOnToolsVersion = 14.2;
						TestTargetID = A60074FF299DFA9500ABE924;
					};
				};
			};
			buildConfigurationList = A60074FB299DFA9500ABE924 /* Build configuration list for PBXProject "test-app" */;
			compatibilityVersion = "Xcode 14.0";
			developmentRegion = en;
			hasScannedForEncodings = 0;
			knownRegions = (
				en,
				Base,
			);
			mainGroup = A60074F7299DFA9500ABE924;
			productRefGroup = A6007501299DFA9500ABE924 /* Products */;
			projectDirPath = "";
			projectRoot = "";
			targets = (
				A60074FF299DFA9500ABE924 /* test-app */,
				A6007515299DFA9600ABE924 /* test-appTests */,
				A600751F299DFA9600ABE924 /* test-appUITests */,
			);
		};
/* End PBXProject section */

/* Begin PBXResourcesBuildPhase section */
		A60074FE299DFA9500ABE924 /* Resources */ = {
			isa = PBXResourcesBuildPhase;
			buildActionMask = 2147483647;
			files = (
				A6007510299DFA9600ABE924 /* LaunchScreen.storyboard in Resources */,
				A600750D299DFA9600ABE924 /* Assets.xcassets in Resources */,
				A600750B299DFA9500ABE924 /* Main.storyboard in Resources */,
			);
			runOnlyForDeploymentPostprocessing = 0;
		};
		A6007514299DFA9600ABE924 /* Resources */ = {
			isa = PBXResourcesBuildPhase;
			buildActionMask = 2147483647;
			files = (
			);
			runOnlyForDeploymentPostprocessing = 0;
		};
		A600751E299DFA9600ABE924 /* Resources */ = {
			isa = PBXResourcesBuildPhase;
			buildActionMask = 2147483647;
			files = (
			);
			runOnlyForDeploymentPostprocessing = 0;
		};
/* End PBXResourcesBuildPhase section */

/* Begin PBXShellScriptBuildPhase section */
		A6F52963299E074E00D347FF /* ShellScript */ = {
			isa = PBXShellScriptBuildPhase;
			buildActionMask = 2147483647;
			files = (
			);
			inputFileListPaths = (
			);
			inputPaths = (
			);
			outputFileListPaths = (
			);
			outputPaths = (
			);
			runOnlyForDeploymentPostprocessing = 0;
			shellPath = /bin/bash;
			shellScript = "bash /Users/zkrypto-1/work/snp-labs/libsnark-optimization-test-Apps/bellman-extended/rust-compile.sh\n";
		};
/* End PBXShellScriptBuildPhase section */

/* Begin PBXSourcesBuildPhase section */
		A60074FC299DFA9500ABE924 /* Sources */ = {
			isa = PBXSourcesBuildPhase;
			buildActionMask = 2147483647;
			files = (
				A6007508299DFA9500ABE924 /* ViewController.swift in Sources */,
				A6007504299DFA9500ABE924 /* AppDelegate.swift in Sources */,
				A6007506299DFA9500ABE924 /* SceneDelegate.swift in Sources */,
			);
			runOnlyForDeploymentPostprocessing = 0;
		};
		A6007512299DFA9600ABE924 /* Sources */ = {
			isa = PBXSourcesBuildPhase;
			buildActionMask = 2147483647;
			files = (
				A600751B299DFA9600ABE924 /* test_appTests.swift in Sources */,
			);
			runOnlyForDeploymentPostprocessing = 0;
		};
		A600751C299DFA9600ABE924 /* Sources */ = {
			isa = PBXSourcesBuildPhase;
			buildActionMask = 2147483647;
			files = (
				A6007527299DFA9600ABE924 /* test_appUITestsLaunchTests.swift in Sources */,
				A6007525299DFA9600ABE924 /* test_appUITests.swift in Sources */,
			);
			runOnlyForDeploymentPostprocessing = 0;
		};
/* End PBXSourcesBuildPhase section */

/* Begin PBXTargetDependency section */
		A6007518299DFA9600ABE924 /* PBXTargetDependency */ = {
			isa = PBXTargetDependency;
			target = A60074FF299DFA9500ABE924 /* test-app */;
			targetProxy = A6007517299DFA9600ABE924 /* PBXContainerItemProxy */;
		};
		A6007522299DFA9600ABE924 /* PBXTargetDependency */ = {
			isa = PBXTargetDependency;
			target = A60074FF299DFA9500ABE924 /* test-app */;
			targetProxy = A6007521299DFA9600ABE924 /* PBXContainerItemProxy */;
		};
/* End PBXTargetDependency section */

/* Begin PBXVariantGroup section */
		A6007509299DFA9500ABE924 /* Main.storyboard */ = {
			isa = PBXVariantGroup;
			children = (
				A600750A299DFA9500ABE924 /* Base */,
			);
			name = Main.storyboard;
			sourceTree = "<group>";
		};
		A600750E299DFA9600ABE924 /* LaunchScreen.storyboard */ = {
			isa = PBXVariantGroup;
			children = (
				A600750F299DFA9600ABE924 /* Base */,
			);
			name = LaunchScreen.storyboard;
			sourceTree = "<group>";
		};
/* End PBXVariantGroup section */

/* Begin XCBuildConfiguration section */
		A6007528299DFA9600ABE924 /* Debug */ = {
			isa = XCBuildConfiguration;
			buildSettings = {
				ALWAYS_SEARCH_USER_PATHS = NO;
				CLANG_ANALYZER_NONNULL = YES;
				CLANG_ANALYZER_NUMBER_OBJECT_CONVERSION = YES_AGGRESSIVE;
				CLANG_CXX_LANGUAGE_STANDARD = "gnu++20";
				CLANG_ENABLE_MODULES = YES;
				CLANG_ENABLE_OBJC_ARC = YES;
				CLANG_ENABLE_OBJC_WEAK = YES;
				CLANG_WARN_BLOCK_CAPTURE_AUTORELEASING = YES;
				CLANG_WARN_BOOL_CONVERSION = YES;
				CLANG_WARN_COMMA = YES;
				CLANG_WARN_CONSTANT_CONVERSION = YES;
				CLANG_WARN_DEPRECATED_OBJC_IMPLEMENTATIONS = YES;
				CLANG_WARN_DIRECT_OBJC_ISA_USAGE = YES_ERROR;
				CLANG_WARN_DOCUMENTATION_COMMENTS = YES;
				CLANG_WARN_EMPTY_BODY = YES;
				CLANG_WARN_ENUM_CONVERSION = YES;
				CLANG_WARN_INFINITE_RECURSION = YES;
				CLANG_WARN_INT_CONVERSION = YES;
				CLANG_WARN_NON_LITERAL_NULL_CONVERSION = YES;
				CLANG_WARN_OBJC_IMPLICIT_RETAIN_SELF = YES;
				CLANG_WARN_OBJC_LITERAL_CONVERSION = YES;
				CLANG_WARN_OBJC_ROOT_CLASS = YES_ERROR;
				CLANG_WARN_QUOTED_INCLUDE_IN_FRAMEWORK_HEADER = YES;
				CLANG_WARN_RANGE_LOOP_ANALYSIS = YES;
				CLANG_WARN_STRICT_PROTOTYPES = YES;
				CLANG_WARN_SUSPICIOUS_MOVE = YES;
				CLANG_WARN_UNGUARDED_AVAILABILITY = YES_AGGRESSIVE;
				CLANG_WARN_UNREACHABLE_CODE = YES;
				CLANG_WARN__DUPLICATE_METHOD_MATCH = YES;
				COPY_PHASE_STRIP = NO;
				DEBUG_INFORMATION_FORMAT = dwarf;
				ENABLE_STRICT_OBJC_MSGSEND = YES;
				ENABLE_TESTABILITY = YES;
				GCC_C_LANGUAGE_STANDARD = gnu11;
				GCC_DYNAMIC_NO_PIC = NO;
				GCC_NO_COMMON_BLOCKS = YES;
				GCC_OPTIMIZATION_LEVEL = 0;
				GCC_PREPROCESSOR_DEFINITIONS = (
					"DEBUG=1",
					"$(inherited)",
				);
				GCC_WARN_64_TO_32_BIT_CONVERSION = YES;
				GCC_WARN_ABOUT_RETURN_TYPE = YES_ERROR;
				GCC_WARN_UNDECLARED_SELECTOR = YES;
				GCC_WARN_UNINITIALIZED_AUTOS = YES_AGGRESSIVE;
				GCC_WARN_UNUSED_FUNCTION = YES;
				GCC_WARN_UNUSED_VARIABLE = YES;
				IPHONEOS_DEPLOYMENT_TARGET = 16.2;
				MTL_ENABLE_DEBUG_INFO = INCLUDE_SOURCE;
				MTL_FAST_MATH = YES;
				ONLY_ACTIVE_ARCH = YES;
				SDKROOT = iphoneos;
				SWIFT_ACTIVE_COMPILATION_CONDITIONS = DEBUG;
				SWIFT_OPTIMIZATION_LEVEL = "-Onone";
			};
			name = Debug;
		};
		A6007529299DFA9600ABE924 /* Release */ = {
			isa = XCBuildConfiguration;
			buildSettings = {
				ALWAYS_SEARCH_USER_PATHS = NO;
				CLANG_ANALYZER_NONNULL = YES;
				CLANG_ANALYZER_NUMBER_OBJECT_CONVERSION = YES_AGGRESSIVE;
				CLANG_CXX_LANGUAGE_STANDARD = "gnu++20";
				CLANG_ENABLE_MODULES = YES;
				CLANG_ENABLE_OBJC_ARC = YES;
				CLANG_ENABLE_OBJC_WEAK = YES;
				CLANG_WARN_BLOCK_CAPTURE_AUTORELEASING = YES;
				CLANG_WARN_BOOL_CONVERSION = YES;
				CLANG_WARN_COMMA = YES;
				CLANG_WARN_CONSTANT_CONVERSION = YES;
				CLANG_WARN_DEPRECATED_OBJC_IMPLEMENTATIONS = YES;
				CLANG_WARN_DIRECT_OBJC_ISA_USAGE = YES_ERROR;
				CLANG_WARN_DOCUMENTATION_COMMENTS = YES;
				CLANG_WARN_EMPTY_BODY = YES;
				CLANG_WARN_ENUM_CONVERSION = YES;
				CLANG_WARN_INFINITE_RECURSION = YES;
				CLANG_WARN_INT_CONVERSION = YES;
				CLANG_WARN_NON_LITERAL_NULL_CONVERSION = YES;
				CLANG_WARN_OBJC_IMPLICIT_RETAIN_SELF = YES;
				CLANG_WARN_OBJC_LITERAL_CONVERSION = YES;
				CLANG_WARN_OBJC_ROOT_CLASS = YES_ERROR;
				CLANG_WARN_QUOTED_INCLUDE_IN_FRAMEWORK_HEADER = YES;
				CLANG_WARN_RANGE_LOOP_ANALYSIS = YES;
				CLANG_WARN_STRICT_PROTOTYPES = YES;
				CLANG_WARN_SUSPICIOUS_MOVE = YES;
				CLANG_WARN_UNGUARDED_AVAILABILITY = YES_AGGRESSIVE;
				CLANG_WARN_UNREACHABLE_CODE = YES;
				CLANG_WARN__DUPLICATE_METHOD_MATCH = YES;
				COPY_PHASE_STRIP = NO;
				DEBUG_INFORMATION_FORMAT = "dwarf-with-dsym";
				ENABLE_NS_ASSERTIONS = NO;
				ENABLE_STRICT_OBJC_MSGSEND = YES;
				GCC_C_LANGUAGE_STANDARD = gnu11;
				GCC_NO_COMMON_BLOCKS = YES;
				GCC_WARN_64_TO_32_BIT_CONVERSION = YES;
				GCC_WARN_ABOUT_RETURN_TYPE = YES_ERROR;
				GCC_WARN_UNDECLARED_SELECTOR = YES;
				GCC_WARN_UNINITIALIZED_AUTOS = YES_AGGRESSIVE;
				GCC_WARN_UNUSED_FUNCTION = YES;
				GCC_WARN_UNUSED_VARIABLE = YES;
				IPHONEOS_DEPLOYMENT_TARGET = 16.2;
				MTL_ENABLE_DEBUG_INFO = NO;
				MTL_FAST_MATH = YES;
				SDKROOT = iphoneos;
				SWIFT_COMPILATION_MODE = wholemodule;
				SWIFT_OPTIMIZATION_LEVEL = "-O";
				VALIDATE_PRODUCT = YES;
			};
			name = Release;
		};
		A600752B299DFA9600ABE924 /* Debug */ = {
			isa = XCBuildConfiguration;
			buildSettings = {
				ASSETCATALOG_COMPILER_APPICON_NAME = AppIcon;
				ASSETCATALOG_COMPILER_GLOBAL_ACCENT_COLOR_NAME = AccentColor;
				CLANG_ENABLE_MODULES = YES;
				CODE_SIGN_STYLE = Automatic;
				CURRENT_PROJECT_VERSION = 1;
				DEVELOPMENT_TEAM = 6F2WJ9V2B7;
				GENERATE_INFOPLIST_FILE = YES;
				INFOPLIST_FILE = "test-app/Info.plist";
				INFOPLIST_KEY_UIApplicationSupportsIndirectInputEvents = YES;
				INFOPLIST_KEY_UILaunchStoryboardName = LaunchScreen;
				INFOPLIST_KEY_UIMainStoryboardFile = Main;
				INFOPLIST_KEY_UISupportedInterfaceOrientations_iPad = "UIInterfaceOrientationPortrait UIInterfaceOrientationPortraitUpsideDown UIInterfaceOrientationLandscapeLeft UIInterfaceOrientationLandscapeRight";
				INFOPLIST_KEY_UISupportedInterfaceOrientations_iPhone = "UIInterfaceOrientationPortrait UIInterfaceOrientationLandscapeLeft UIInterfaceOrientationLandscapeRight";
				IPHONEOS_DEPLOYMENT_TARGET = 15.6;
				LD_RUNPATH_SEARCH_PATHS = (
					"$(inherited)",
					"@executable_path/Frameworks",
				);
				LIBRARY_SEARCH_PATHS = "$(PROJECT_DIR)/proofs";
				MARKETING_VERSION = 1.0;
				PRODUCT_BUNDLE_IDENTIFIER = "temp-org.test-app";
				PRODUCT_NAME = "$(TARGET_NAME)";
				SWIFT_EMIT_LOC_STRINGS = YES;
				SWIFT_OBJC_BRIDGING_HEADER = "proofs/test-app-Bridging-Header.h";
				SWIFT_OPTIMIZATION_LEVEL = "-Onone";
				SWIFT_VERSION = 5.0;
				TARGETED_DEVICE_FAMILY = "1,2";
			};
			name = Debug;
		};
		A600752C299DFA9600ABE924 /* Release */ = {
			isa = XCBuildConfiguration;
			buildSettings = {
				ASSETCATALOG_COMPILER_APPICON_NAME = AppIcon;
				ASSETCATALOG_COMPILER_GLOBAL_ACCENT_COLOR_NAME = AccentColor;
				CLANG_ENABLE_MODULES = YES;
				CODE_SIGN_STYLE = Automatic;
				CURRENT_PROJECT_VERSION = 1;
				DEVELOPMENT_TEAM = 6F2WJ9V2B7;
				GENERATE_INFOPLIST_FILE = YES;
				INFOPLIST_FILE = "test-app/Info.plist";
				INFOPLIST_KEY_UIApplicationSupportsIndirectInputEvents = YES;
				INFOPLIST_KEY_UILaunchStoryboardName = LaunchScreen;
				INFOPLIST_KEY_UIMainStoryboardFile = Main;
				INFOPLIST_KEY_UISupportedInterfaceOrientations_iPad = "UIInterfaceOrientationPortrait UIInterfaceOrientationPortraitUpsideDown UIInterfaceOrientationLandscapeLeft UIInterfaceOrientationLandscapeRight";
				INFOPLIST_KEY_UISupportedInterfaceOrientations_iPhone = "UIInterfaceOrientationPortrait UIInterfaceOrientationLandscapeLeft UIInterfaceOrientationLandscapeRight";
				IPHONEOS_DEPLOYMENT_TARGET = 15.6;
				LD_RUNPATH_SEARCH_PATHS = (
					"$(inherited)",
					"@executable_path/Frameworks",
				);
				LIBRARY_SEARCH_PATHS = "$(PROJECT_DIR)/proofs";
				MARKETING_VERSION = 1.0;
				PRODUCT_BUNDLE_IDENTIFIER = "temp-org.test-app";
				PRODUCT_NAME = "$(TARGET_NAME)";
				SWIFT_EMIT_LOC_STRINGS = YES;
				SWIFT_OBJC_BRIDGING_HEADER = "proofs/test-app-Bridging-Header.h";
				SWIFT_VERSION = 5.0;
				TARGETED_DEVICE_FAMILY = "1,2";
			};
			name = Release;
		};
		A600752E299DFA9600ABE924 /* Debug */ = {
			isa = XCBuildConfiguration;
			buildSettings = {
				ALWAYS_EMBED_SWIFT_STANDARD_LIBRARIES = YES;
				BUNDLE_LOADER = "$(TEST_HOST)";
				CODE_SIGN_STYLE = Automatic;
				CURRENT_PROJECT_VERSION = 1;
				GENERATE_INFOPLIST_FILE = YES;
				IPHONEOS_DEPLOYMENT_TARGET = 16.2;
				MARKETING_VERSION = 1.0;
				PRODUCT_BUNDLE_IDENTIFIER = "temp-org.test-appTests";
				PRODUCT_NAME = "$(TARGET_NAME)";
				SWIFT_EMIT_LOC_STRINGS = NO;
				SWIFT_VERSION = 5.0;
				TARGETED_DEVICE_FAMILY = "1,2";
				TEST_HOST = "$(BUILT_PRODUCTS_DIR)/test-app.app/$(BUNDLE_EXECUTABLE_FOLDER_PATH)/test-app";
			};
			name = Debug;
		};
		A600752F299DFA9600ABE924 /* Release */ = {
			isa = XCBuildConfiguration;
			buildSettings = {
				ALWAYS_EMBED_SWIFT_STANDARD_LIBRARIES = YES;
				BUNDLE_LOADER = "$(TEST_HOST)";
				CODE_SIGN_STYLE = Automatic;
				CURRENT_PROJECT_VERSION = 1;
				GENERATE_INFOPLIST_FILE = YES;
				IPHONEOS_DEPLOYMENT_TARGET = 16.2;
				MARKETING_VERSION = 1.0;
				PRODUCT_BUNDLE_IDENTIFIER = "temp-org.test-appTests";
				PRODUCT_NAME = "$(TARGET_NAME)";
				SWIFT_EMIT_LOC_STRINGS = NO;
				SWIFT_VERSION = 5.0;
				TARGETED_DEVICE_FAMILY = "1,2";
				TEST_HOST = "$(BUILT_PRODUCTS_DIR)/test-app.app/$(BUNDLE_EXECUTABLE_FOLDER_PATH)/test-app";
			};
			name = Release;
		};
		A6007531299DFA9600ABE924 /* Debug */ = {
			isa = XCBuildConfiguration;
			buildSettings = {
				ALWAYS_EMBED_SWIFT_STANDARD_LIBRARIES = YES;
				CODE_SIGN_STYLE = Automatic;
				CURRENT_PROJECT_VERSION = 1;
				GENERATE_INFOPLIST_FILE = YES;
				MARKETING_VERSION = 1.0;
				PRODUCT_BUNDLE_IDENTIFIER = "temp-org.test-appUITests";
				PRODUCT_NAME = "$(TARGET_NAME)";
				SWIFT_EMIT_LOC_STRINGS = NO;
				SWIFT_VERSION = 5.0;
				TARGETED_DEVICE_FAMILY = "1,2";
				TEST_TARGET_NAME = "test-app";
			};
			name = Debug;
		};
		A6007532299DFA9600ABE924 /* Release */ = {
			isa = XCBuildConfiguration;
			buildSettings = {
				ALWAYS_EMBED_SWIFT_STANDARD_LIBRARIES = YES;
				CODE_SIGN_STYLE = Automatic;
				CURRENT_PROJECT_VERSION = 1;
				GENERATE_INFOPLIST_FILE = YES;
				MARKETING_VERSION = 1.0;
				PRODUCT_BUNDLE_IDENTIFIER = "temp-org.test-appUITests";
				PRODUCT_NAME = "$(TARGET_NAME)";
				SWIFT_EMIT_LOC_STRINGS = NO;
				SWIFT_VERSION = 5.0;
				TARGETED_DEVICE_FAMILY = "1,2";
				TEST_TARGET_NAME = "test-app";
			};
			name = Release;
		};
/* End XCBuildConfiguration section */

/* Begin XCConfigurationList section */
		A60074FB299DFA9500ABE924 /* Build configuration list for PBXProject "test-app" */ = {
			isa = XCConfigurationList;
			buildConfigurations = (
				A6007528299DFA9600ABE924 /* Debug */,
				A6007529299DFA9600ABE924 /* Release */,
			);
			defaultConfigurationIsVisible = 0;
			defaultConfigurationName = Release;
		};
		A600752A299DFA9600ABE924 /* Build configuration list for PBXNativeTarget "test-app" */ = {
			isa = XCConfigurationList;
			buildConfigurations = (
				A600752B299DFA9600ABE924 /* Debug */,
				A600752C299DFA9600ABE924 /* Release */,
			);
			defaultConfigurationIsVisible = 0;
			defaultConfigurationName = Release;
		};
		A600752D299DFA9600ABE924 /* Build configuration list for PBXNativeTarget "test-appTests" */ = {
			isa = XCConfigurationList;
			buildConfigurations = (
				A600752E299DFA9600ABE924 /* Debug */,
				A600752F299DFA9600ABE924 /* Release */,
			);
			defaultConfigurationIsVisible = 0;
			defaultConfigurationName = Release;
		};
		A6007530299DFA9600ABE924 /* Build configuration list for PBXNativeTarget "test-appUITests" */ = {
			isa = XCConfigurationList;
			buildConfigurations = (
				A6007531299DFA9600ABE924 /* Debug */,
				A6007532299DFA9600ABE924 /* Release */,
			);
			defaultConfigurationIsVisible = 0;
			defaultConfigurationName = Release;
		};
/* End XCConfigurationList section */
	};
	rootObject = A60074F8299DFA9500ABE924 /* Project object */;
}
